
Microsoft Visual Studio Solution File, Format Version 12.00
# Visual Studio Version 16
VisualStudioVersion = 16.0.29609.76
MinimumVisualStudioVersion = 10.0.40219.1
Project("{FAE04EC0-301F-11D3-BF4B-00C04F79EFBC}") = "chatroomserver", "chatroomserver\chatroomserver.csproj", "{442A3B58-4E8D-43D8-A58A-755CEDA8783C}"
EndProject
Global
	GlobalSection(SolutionConfigurationPlatforms) = preSolution
		Debug|Any CPU = Debug|Any CPU
		Release|Any CPU = Release|Any CPU
	EndGlobalSection
	GlobalSection(ProjectConfigurationPlatforms) = postSolution
		{442A3B58-4E8D-43D8-A58A-755CEDA8783C}.Debug|Any CPU.ActiveCfg = Debug|Any CPU
		{442A3B58-4E8D-43D8-A58A-755CEDA8783C}.Debug|Any CPU.Build.0 = Debug|Any CPU
		{442A3B58-4E8D-43D8-A58A-755CEDA8783C}.Release|Any CPU.ActiveCfg = Release|Any CPU
		{442A3B58-4E8D-43D8-A58A-755CEDA8783C}.Release|Any CPU.Build.0 = Release|Any CPU
	EndGlobalSection
	GlobalSection(SolutionProperties) = preSolution
		HideSolutionNode = FALSE
	EndGlobalSection
	GlobalSection(ExtensibilityGlobals) = postSolution
		SolutionGuid = {E50BB412-783F-4416-8DC1-FB8DE013827F}
	EndGlobalSection
EndGlobal
